
Microsoft Visual Studio Solution File, Format Version 12.00
# Visual Studio Version 17
VisualStudioVersion = 17.8.34316.72
MinimumVisualStudioVersion = 10.0.40219.1
Project("{2150E333-8FDC-42A3-9474-1A3956D46DE8}") = "Solution Items", "Solution Items", "{ACF1D7F5-1443-4A76-AA55-D1D23B6CC6F8}"
	ProjectSection(SolutionItems) = preProject
		..\LICENSE = ..\LICENSE
		..\README.md = ..\README.md
	EndProjectSection
EndProject
Project("{9A19103F-16F7-4668-BE54-9A1E7A4F7556}") = "GSD.Extensions.WebAPI", "Source\GSD.Extensions.WebAPI\GSD.Extensions.WebAPI.csproj", "{B8BF1A1F-E21E-4EFB-82A0-96E5D8162293}"
EndProject
Project("{9A19103F-16F7-4668-BE54-9A1E7A4F7556}") = "GSD.Extensions.Quicken", "Source\GSD.Extensions.Quicken\GSD.Extensions.Quicken.csproj", "{1287647E-7A02-41C0-AE23-45EA77EF5EB3}"
EndProject
Project("{2150E333-8FDC-42A3-9474-1A3956D46DE8}") = "UnitTests", "UnitTests", "{46FC7F40-B742-4EE4-BC16-8BF5A5735619}"
EndProject
Project("{9A19103F-16F7-4668-BE54-9A1E7A4F7556}") = "GSD.Extensions.Quicken.UnitTests", "UnitTests\GSD.Extensions.Quicken.UnitTests\GSD.Extensions.Quicken.UnitTests.csproj", "{A202D184-BCDE-4E2E-96BD-6E197CC63643}"
EndProject
Project("{9A19103F-16F7-4668-BE54-9A1E7A4F7556}") = "GSD.Extensions.DataFormats", "Source\GSD.Extensions.DataFormats\GSD.Extensions.DataFormats.csproj", "{757E4126-FED6-4253-A116-005FA33BBAD4}"
EndProject
Project("{9A19103F-16F7-4668-BE54-9A1E7A4F7556}") = "GSD.Extensions.DataFormats.UnitTests", "UnitTests\GSD.Extensions.DataFormats.UnitTests\GSD.Extensions.DataFormats.UnitTests.csproj", "{4E82041F-BF98-4E8B-AC5A-796F531EF833}"
EndProject
Project("{9A19103F-16F7-4668-BE54-9A1E7A4F7556}") = "GSD.Extensions.Cryptography", "Source\GSD.Extensions.Cryptography\GSD.Extensions.Cryptography.csproj", "{AC6662DE-6B3C-4C57-8F43-FD005973DE3E}"
EndProject
Project("{9A19103F-16F7-4668-BE54-9A1E7A4F7556}") = "GSD.Extensions.Cryptography.UnitTests", "UnitTests\GSD.Extensions.Cryptography.UnitTests\GSD.Extensions.Cryptography.UnitTests.csproj", "{C4B742A1-D80E-4404-BE63-747B0E40B4E8}"
EndProject
Project("{FAE04EC0-301F-11D3-BF4B-00C04F79EFBC}") = "GSD.Extensions.WebAPI.UnitTests", "UnitTests\GSD.Extensions.WebAPI.UnitTests\GSD.Extensions.WebAPI.UnitTests.csproj", "{E7096091-A7C4-4A8B-A918-E7C8B080B38A}"
EndProject
Global
	GlobalSection(SolutionConfigurationPlatforms) = preSolution
		Debug|Any CPU = Debug|Any CPU
		Release|Any CPU = Release|Any CPU
	EndGlobalSection
	GlobalSection(ProjectConfigurationPlatforms) = postSolution
		{B8BF1A1F-E21E-4EFB-82A0-96E5D8162293}.Debug|Any CPU.ActiveCfg = Debug|Any CPU
		{B8BF1A1F-E21E-4EFB-82A0-96E5D8162293}.Debug|Any CPU.Build.0 = Debug|Any CPU
		{B8BF1A1F-E21E-4EFB-82A0-96E5D8162293}.Release|Any CPU.ActiveCfg = Release|Any CPU
		{B8BF1A1F-E21E-4EFB-82A0-96E5D8162293}.Release|Any CPU.Build.0 = Release|Any CPU
		{1287647E-7A02-41C0-AE23-45EA77EF5EB3}.Debug|Any CPU.ActiveCfg = Debug|Any CPU
		{1287647E-7A02-41C0-AE23-45EA77EF5EB3}.Debug|Any CPU.Build.0 = Debug|Any CPU
		{1287647E-7A02-41C0-AE23-45EA77EF5EB3}.Release|Any CPU.ActiveCfg = Release|Any CPU
		{1287647E-7A02-41C0-AE23-45EA77EF5EB3}.Release|Any CPU.Build.0 = Release|Any CPU
		{A202D184-BCDE-4E2E-96BD-6E197CC63643}.Debug|Any CPU.ActiveCfg = Debug|Any CPU
		{A202D184-BCDE-4E2E-96BD-6E197CC63643}.Debug|Any CPU.Build.0 = Debug|Any CPU
		{A202D184-BCDE-4E2E-96BD-6E197CC63643}.Release|Any CPU.ActiveCfg = Release|Any CPU
		{A202D184-BCDE-4E2E-96BD-6E197CC63643}.Release|Any CPU.Build.0 = Release|Any CPU
		{757E4126-FED6-4253-A116-005FA33BBAD4}.Debug|Any CPU.ActiveCfg = Debug|Any CPU
		{757E4126-FED6-4253-A116-005FA33BBAD4}.Debug|Any CPU.Build.0 = Debug|Any CPU
		{757E4126-FED6-4253-A116-005FA33BBAD4}.Release|Any CPU.ActiveCfg = Release|Any CPU
		{757E4126-FED6-4253-A116-005FA33BBAD4}.Release|Any CPU.Build.0 = Release|Any CPU
		{4E82041F-BF98-4E8B-AC5A-796F531EF833}.Debug|Any CPU.ActiveCfg = Debug|Any CPU
		{4E82041F-BF98-4E8B-AC5A-796F531EF833}.Debug|Any CPU.Build.0 = Debug|Any CPU
		{4E82041F-BF98-4E8B-AC5A-796F531EF833}.Release|Any CPU.ActiveCfg = Release|Any CPU
		{4E82041F-BF98-4E8B-AC5A-796F531EF833}.Release|Any CPU.Build.0 = Release|Any CPU
		{AC6662DE-6B3C-4C57-8F43-FD005973DE3E}.Debug|Any CPU.ActiveCfg = Debug|Any CPU
		{AC6662DE-6B3C-4C57-8F43-FD005973DE3E}.Debug|Any CPU.Build.0 = Debug|Any CPU
		{AC6662DE-6B3C-4C57-8F43-FD005973DE3E}.Release|Any CPU.ActiveCfg = Release|Any CPU
		{AC6662DE-6B3C-4C57-8F43-FD005973DE3E}.Release|Any CPU.Build.0 = Release|Any CPU
		{C4B742A1-D80E-4404-BE63-747B0E40B4E8}.Debug|Any CPU.ActiveCfg = Debug|Any CPU
		{C4B742A1-D80E-4404-BE63-747B0E40B4E8}.Debug|Any CPU.Build.0 = Debug|Any CPU
		{C4B742A1-D80E-4404-BE63-747B0E40B4E8}.Release|Any CPU.ActiveCfg = Release|Any CPU
		{C4B742A1-D80E-4404-BE63-747B0E40B4E8}.Release|Any CPU.Build.0 = Release|Any CPU
		{E7096091-A7C4-4A8B-A918-E7C8B080B38A}.Debug|Any CPU.ActiveCfg = Debug|Any CPU
		{E7096091-A7C4-4A8B-A918-E7C8B080B38A}.Debug|Any CPU.Build.0 = Debug|Any CPU
		{E7096091-A7C4-4A8B-A918-E7C8B080B38A}.Release|Any CPU.ActiveCfg = Release|Any CPU
		{E7096091-A7C4-4A8B-A918-E7C8B080B38A}.Release|Any CPU.Build.0 = Release|Any CPU
	EndGlobalSection
	GlobalSection(SolutionProperties) = preSolution
		HideSolutionNode = FALSE
	EndGlobalSection
	GlobalSection(NestedProjects) = preSolution
		{A202D184-BCDE-4E2E-96BD-6E197CC63643} = {46FC7F40-B742-4EE4-BC16-8BF5A5735619}
		{4E82041F-BF98-4E8B-AC5A-796F531EF833} = {46FC7F40-B742-4EE4-BC16-8BF5A5735619}
		{C4B742A1-D80E-4404-BE63-747B0E40B4E8} = {46FC7F40-B742-4EE4-BC16-8BF5A5735619}
		{E7096091-A7C4-4A8B-A918-E7C8B080B38A} = {46FC7F40-B742-4EE4-BC16-8BF5A5735619}
	EndGlobalSection
	GlobalSection(ExtensibilityGlobals) = postSolution
		SolutionGuid = {548FD8D4-119B-4053-84BA-B1F531E6447A}
	EndGlobalSection
EndGlobal
